<?xml version="1.0" encoding="utf-8"?>
<Project ToolsVersion="4.0" xmlns="http://schemas.microsoft.com/developer/msbuild/2003">
  <ItemGroup>
    <Filter Include="Generierte Dateien">
      <UniqueIdentifier>{71ED8ED8-ACB9-4CE9-BBE1-E00B30144E11}</UniqueIdentifier>
      <Extensions>moc;h;cpp</Extensions>
      <SourceControlFiles>False</SourceControlFiles>
    </Filter>
    <Filter Include="Generierte Dateien\Debug">
      <UniqueIdentifier>{c2ca0f8e-4a77-4f3a-af85-5f31ae8e2e3e}</UniqueIdentifier>
      <Extensions>cpp;moc</Extensions>
      <SourceControlFiles>False</SourceControlFiles>
    </Filter>
    <Filter Include="Generierte Dateien\Release">
      <UniqueIdentifier>{08766516-3ea9-4bc1-be79-f32fc79affac}</UniqueIdentifier>
      <Extensions>cpp;moc</Extensions>
      <SourceControlFiles>False</SourceControlFiles>
    </Filter>
    <Filter Include="Administration">
      <UniqueIdentifier>{08d18467-6810-42a7-9576-0b2c49000fc6}</UniqueIdentifier>
    </Filter>
    <Filter Include="Configuration">
      <UniqueIdentifier>{89bbe24a-292b-4eb6-855a-371c7f1a132d}</UniqueIdentifier>
    </Filter>
    <Filter Include="main">
      <UniqueIdentifier>{4FC737F1-C7A5-4376-A066-2A32D752A2FF}</UniqueIdentifier>
      <Extensions>cpp;cxx;c;def</Extensions>
    </Filter>
    <Filter Include="Communication">
      <UniqueIdentifier>{1c87f94d-f20c-4043-976b-91c67c839dec}</UniqueIdentifier>
    </Filter>
    <Filter Include="Hardware">
      <UniqueIdentifier>{140c3c47-b832-43bc-9eb3-f6016d184c0b}</UniqueIdentifier>
    </Filter>
  </ItemGroup>
  <ItemGroup>
    <ClCompile Include="GeneratedFiles\Debug\moc_Unit.cpp">
      <Filter>Generierte Dateien\Debug</Filter>
    </ClCompile>
    <ClCompile Include="GeneratedFiles\Release\moc_Unit.cpp">
      <Filter>Generierte Dateien\Release</Filter>
    </ClCompile>
    <ClCompile Include="FlashManager.cpp">
      <Filter>Administration</Filter>
    </ClCompile>
    <ClCompile Include="Unit.cpp">
      <Filter>Administration</Filter>
    </ClCompile>
    <ClCompile Include="main.cpp">
      <Filter>main</Filter>
    </ClCompile>
    <ClCompile Include="src\HW\AbstractDevice.cpp">
      <Filter>Hardware</Filter>
    </ClCompile>
    <ClCompile Include="src\HW\DeviceManager.cpp">
      <Filter>Hardware</Filter>
    </ClCompile>
    <ClCompile Include="src\HW\PowerStripeDevice.cpp">
      <Filter>Hardware</Filter>
    </ClCompile>
    <ClCompile Include="src\HW\PowerSupplyDevice.cpp">
      <Filter>Hardware</Filter>
    </ClCompile>
    <ClCompile Include="src\HW\RemoteBoxDevice.cpp">
      <Filter>Hardware</Filter>
    </ClCompile>
    <ClCompile Include="src\HW\VoltCraft.cpp">
      <Filter>Hardware</Filter>
    </ClCompile>
    <ClCompile Include="Controller.cpp">
      <Filter>Administration</Filter>
    </ClCompile>
    <ClCompile Include="GeneratedFiles\Debug\moc_AbstractDevice.cpp">
      <Filter>Generierte Dateien\Debug</Filter>
    </ClCompile>
    <ClCompile Include="GeneratedFiles\Release\moc_AbstractDevice.cpp">
      <Filter>Generierte Dateien\Release</Filter>
    </ClCompile>
    <ClCompile Include="GeneratedFiles\Debug\moc_Controller.cpp">
      <Filter>Generierte Dateien\Debug</Filter>
    </ClCompile>
    <ClCompile Include="src\HW\AnelHome.cpp">
      <Filter>Hardware</Filter>
    </ClCompile>
    <ClCompile Include="GeneratedFiles\Debug\moc_AnelHome.cpp">
      <Filter>Generierte Dateien\Debug</Filter>
    </ClCompile>
    <ClCompile Include="GeneratedFiles\Release\moc_AnelHome.cpp">
      <Filter>Generierte Dateien\Release</Filter>
    </ClCompile>
    <ClCompile Include="GeneratedFiles\Release\moc_Controller.cpp">
      <Filter>Generierte Dateien\Release</Filter>
    </ClCompile>
    <ClCompile Include="src\Communication\CommunicationManager.cpp">
      <Filter>Communication</Filter>
    </ClCompile>
    <ClCompile Include="GeneratedFiles\Debug\moc_CommunicationManager.cpp">
      <Filter>Generierte Dateien\Debug</Filter>
    </ClCompile>
    <ClCompile Include="GeneratedFiles\Release\moc_CommunicationManager.cpp">
      <Filter>Generierte Dateien\Release</Filter>
    </ClCompile>
    <ClCompile Include="src\Communication\CommunicationServer.cpp">
      <Filter>Communication</Filter>
    </ClCompile>
    <ClCompile Include="GeneratedFiles\Debug\moc_CommunicationServer.cpp">
      <Filter>Generierte Dateien\Debug</Filter>
    </ClCompile>
    <ClCompile Include="GeneratedFiles\Release\moc_CommunicationServer.cpp">
      <Filter>Generierte Dateien\Release</Filter>
    </ClCompile>
    <ClCompile Include="GeneratedFiles\Debug\moc_Constans.cpp">
      <Filter>Generierte Dateien\Debug</Filter>
    </ClCompile>
    <ClCompile Include="GeneratedFiles\Release\moc_Constans.cpp">
      <Filter>Generierte Dateien\Release</Filter>
    </ClCompile>
    <ClCompile Include="src\Configuration\ConfigurationFacade.cpp">
      <Filter>Configuration</Filter>
    </ClCompile>
    <ClCompile Include="GeneratedFiles\Debug\moc_ConfigurationFacade.cpp">
      <Filter>Generierte Dateien\Debug</Filter>
    </ClCompile>
    <ClCompile Include="GeneratedFiles\Release\moc_ConfigurationFacade.cpp">
      <Filter>Generierte Dateien\Release</Filter>
    </ClCompile>
    <ClCompile Include="src\Configuration\ConfigurationService.cpp">
      <Filter>Configuration</Filter>
    </ClCompile>
    <ClCompile Include="GeneratedFiles\Debug\moc_ConfigurationService.cpp">
      <Filter>Generierte Dateien\Debug</Filter>
    </ClCompile>
    <ClCompile Include="GeneratedFiles\Release\moc_ConfigurationService.cpp">
      <Filter>Generierte Dateien\Release</Filter>
    </ClCompile>
    <ClCompile Include="GeneratedFiles\Debug\moc_DeviceManager.cpp">
      <Filter>Generierte Dateien\Debug</Filter>
    </ClCompile>
    <ClCompile Include="GeneratedFiles\Release\moc_DeviceManager.cpp">
      <Filter>Generierte Dateien\Release</Filter>
    </ClCompile>
    <ClCompile Include="GeneratedFiles\Debug\moc_PowerStripeDevice.cpp">
      <Filter>Generierte Dateien\Debug</Filter>
    </ClCompile>
    <ClCompile Include="GeneratedFiles\Release\moc_PowerStripeDevice.cpp">
      <Filter>Generierte Dateien\Release</Filter>
    </ClCompile>
    <ClCompile Include="GeneratedFiles\Debug\moc_PowerSupplyDevice.cpp">
      <Filter>Generierte Dateien\Debug</Filter>
    </ClCompile>
    <ClCompile Include="GeneratedFiles\Release\moc_PowerSupplyDevice.cpp">
      <Filter>Generierte Dateien\Release</Filter>
    </ClCompile>
    <ClCompile Include="GeneratedFiles\Debug\moc_RemoteBoxDevice.cpp">
      <Filter>Generierte Dateien\Debug</Filter>
    </ClCompile>
    <ClCompile Include="GeneratedFiles\Release\moc_RemoteBoxDevice.cpp">
      <Filter>Generierte Dateien\Release</Filter>
    </ClCompile>
    <ClCompile Include="GeneratedFiles\Debug\moc_VoltCraft.cpp">
      <Filter>Generierte Dateien\Debug</Filter>
    </ClCompile>
    <ClCompile Include="GeneratedFiles\Release\moc_VoltCraft.cpp">
      <Filter>Generierte Dateien\Release</Filter>
    </ClCompile>
    <ClCompile Include="GeneratedFiles\Debug\moc_ControllerPrivate_p.cpp">
      <Filter>Generierte Dateien\Debug</Filter>
    </ClCompile>
    <ClCompile Include="GeneratedFiles\Release\moc_ControllerPrivate_p.cpp">
      <Filter>Generierte Dateien\Release</Filter>
    </ClCompile>
  </ItemGroup>
  <ItemGroup>
    <CustomBuild Include="Unit.h">
      <Filter>Administration</Filter>
    </CustomBuild>
    <CustomBuild Include="src\HW\AbstractDevice.h">
      <Filter>Hardware</Filter>
    </CustomBuild>
    <CustomBuild Include="Controller.h">
      <Filter>Administration</Filter>
    </CustomBuild>
    <CustomBuild Include="src\HW\AnelHome.h">
      <Filter>Hardware</Filter>
    </CustomBuild>
    <CustomBuild Include="src\Communication\CommunicationManager.h">
      <Filter>Communication</Filter>
    </CustomBuild>
    <CustomBuild Include="src\Communication\CommunicationServer.h">
      <Filter>Communication</Filter>
    </CustomBuild>
    <CustomBuild Include="Constans.h">
      <Filter>Administration</Filter>
    </CustomBuild>
    <CustomBuild Include="src\Configuration\ConfigurationFacade.h">
      <Filter>Configuration</Filter>
    </CustomBuild>
    <CustomBuild Include="src\Configuration\ConfigurationService.h">
      <Filter>Configuration</Filter>
    </CustomBuild>
    <CustomBuild Include="src\HW\DeviceManager.h">
      <Filter>Hardware</Filter>
    </CustomBuild>
    <CustomBuild Include="src\HW\PowerStripeDevice.h">
      <Filter>Hardware</Filter>
    </CustomBuild>
    <CustomBuild Include="src\HW\PowerSupplyDevice.h">
      <Filter>Hardware</Filter>
    </CustomBuild>
    <CustomBuild Include="src\HW\RemoteBoxDevice.h">
      <Filter>Hardware</Filter>
    </CustomBuild>
    <CustomBuild Include="src\HW\VoltCraft.h">
      <Filter>Hardware</Filter>
    </CustomBuild>
    <CustomBuild Include="ControllerPrivate_p.h">
      <Filter>Administration</Filter>
    </CustomBuild>
  </ItemGroup>
  <ItemGroup>
    <ClInclude Include="FlashManager.h">
      <Filter>Administration</Filter>
    </ClInclude>
    <ClInclude Include="HWGlobal.h">
      <Filter>Hardware</Filter>
    </ClInclude>
    <ClInclude Include="src\Configuration\ConfigurationGlobal.h">
      <Filter>Configuration</Filter>
    </ClInclude>
  </ItemGroup>
</Project>